<?xml version="1.0" encoding="utf-8"?>
<Project ToolsVersion="4.0" xmlns="http://schemas.microsoft.com/developer/msbuild/2003">
  <ItemGroup>
    <Filter Include="Source Files">
      <UniqueIdentifier>{4FC737F1-C7A5-4376-A066-2A32D752A2FF}</UniqueIdentifier>
      <Extensions>cpp;c;cc;cxx;def;odl;idl;hpj;bat;asm;asmx</Extensions>
    </Filter>
    <Filter Include="Header Files">
      <UniqueIdentifier>{93995380-89BD-4b04-88EB-625FBE52EBFB}</UniqueIdentifier>
      <Extensions>h;hpp;hxx;hm;inl;inc;xsd</Extensions>
    </Filter>
    <Filter Include="Resource Files">
      <UniqueIdentifier>{67DA6AB6-F800-4c08-8B7A-83BB121AAD01}</UniqueIdentifier>
      <Extensions>rc;ico;cur;bmp;dlg;rc2;rct;bin;rgs;gif;jpg;jpeg;jpe;resx;tiff;tif;png;wav</Extensions>
    </Filter>
  </ItemGroup>
  <ItemGroup>
    <ClCompile Include="celsus\celsus.cpp">
      <Filter>Source Files</Filter>
    </ClCompile>
    <ClCompile Include="celsus\ChunkIO.cpp">
      <Filter>Source Files</Filter>
    </ClCompile>
    <ClCompile Include="celsus\DX10Utils.cpp">
      <Filter>Source Files</Filter>
    </ClCompile>
    <ClCompile Include="celsus\DX11Utils.cpp">
      <Filter>Source Files</Filter>
    </ClCompile>
    <ClCompile Include="celsus\Logger.cpp">
      <Filter>Source Files</Filter>
    </ClCompile>
    <ClCompile Include="celsus\MemoryMappedFile.cpp">
      <Filter>Source Files</Filter>
    </ClCompile>
    <ClCompile Include="celsus\path_utils.cpp">
      <Filter>Source Files</Filter>
    </ClCompile>
    <ClCompile Include="celsus\Profiler.cpp">
      <Filter>Source Files</Filter>
    </ClCompile>
    <ClCompile Include="celsus\stdafx.cpp">
      <Filter>Source Files</Filter>
    </ClCompile>
    <ClCompile Include="celsus\string_utils.cpp">
      <Filter>Source Files</Filter>
    </ClCompile>
    <ClCompile Include="celsus\StringId.cpp">
      <Filter>Source Files</Filter>
    </ClCompile>
    <ClCompile Include="celsus\StringIdTable.cpp">
      <Filter>Source Files</Filter>
    </ClCompile>
    <ClCompile Include="celsus\tinyjson.cpp">
      <Filter>Source Files</Filter>
    </ClCompile>
    <ClCompile Include="celsus\UnicodeUtils.cpp">
      <Filter>Source Files</Filter>
    </ClCompile>
    <ClCompile Include="celsus\effect_wrapper.cpp">
      <Filter>Source Files</Filter>
    </ClCompile>
    <ClCompile Include="celsus\graphics.cpp">
      <Filter>Source Files</Filter>
    </ClCompile>
    <ClCompile Include="celsus\section_reader.cpp">
      <Filter>Source Files</Filter>
    </ClCompile>
    <ClCompile Include="celsus\text_scanner.cpp">
      <Filter>Source Files</Filter>
    </ClCompile>
    <ClCompile Include="celsus\file_utils.cpp">
      <Filter>Source Files</Filter>
    </ClCompile>
  </ItemGroup>
  <ItemGroup>
    <ClInclude Include="celsus\celsus.hpp">
      <Filter>Header Files</Filter>
    </ClInclude>
    <ClInclude Include="celsus\CelsusExtra.hpp">
      <Filter>Header Files</Filter>
    </ClInclude>
    <ClInclude Include="celsus\ChunkIO.hpp">
      <Filter>Header Files</Filter>
    </ClInclude>
    <ClInclude Include="celsus\D3D10Descriptions.hpp">
      <Filter>Header Files</Filter>
    </ClInclude>
    <ClInclude Include="celsus\D3D10Types.hpp">
      <Filter>Header Files</Filter>
    </ClInclude>
    <ClInclude Include="celsus\DX10Utils.hpp">
      <Filter>Header Files</Filter>
    </ClInclude>
    <ClInclude Include="celsus\DX11Utils.hpp">
      <Filter>Header Files</Filter>
    </ClInclude>
    <ClInclude Include="celsus\error2.hpp">
      <Filter>Header Files</Filter>
    </ClInclude>
    <ClInclude Include="celsus\ErrorHandling.hpp">
      <Filter>Header Files</Filter>
    </ClInclude>
    <ClInclude Include="celsus\Logger.hpp">
      <Filter>Header Files</Filter>
    </ClInclude>
    <ClInclude Include="celsus\MemoryMappedFile.hpp">
      <Filter>Header Files</Filter>
    </ClInclude>
    <ClInclude Include="celsus\path_utils.hpp">
      <Filter>Header Files</Filter>
    </ClInclude>
    <ClInclude Include="celsus\Profiler.hpp">
      <Filter>Header Files</Filter>
    </ClInclude>
    <ClInclude Include="celsus\stdafx.h">
      <Filter>Header Files</Filter>
    </ClInclude>
    <ClInclude Include="celsus\string_utils.hpp">
      <Filter>Header Files</Filter>
    </ClInclude>
    <ClInclude Include="celsus\StringId.hpp">
      <Filter>Header Files</Filter>
    </ClInclude>
    <ClInclude Include="celsus\StringIdTable.hpp">
      <Filter>Header Files</Filter>
    </ClInclude>
    <ClInclude Include="celsus\targetver.h">
      <Filter>Header Files</Filter>
    </ClInclude>
    <ClInclude Include="celsus\Timer.hpp">
      <Filter>Header Files</Filter>
    </ClInclude>
    <ClInclude Include="celsus\tinyjson.hpp">
      <Filter>Header Files</Filter>
    </ClInclude>
    <ClInclude Include="celsus\UnicodeUtils.hpp">
      <Filter>Header Files</Filter>
    </ClInclude>
    <ClInclude Include="celsus\D3D11Descriptions.hpp">
      <Filter>Header Files</Filter>
    </ClInclude>
    <ClInclude Include="celsus\effect_wrapper.hpp">
      <Filter>Header Files</Filter>
    </ClInclude>
    <ClInclude Include="celsus\graphics.hpp">
      <Filter>Header Files</Filter>
    </ClInclude>
    <ClInclude Include="celsus\section_reader.hpp">
      <Filter>Header Files</Filter>
    </ClInclude>
    <ClInclude Include="celsus\text_scanner.hpp">
      <Filter>Header Files</Filter>
    </ClInclude>
    <ClInclude Include="celsus\math_utils.hpp">
      <Filter>Header Files</Filter>
    </ClInclude>
    <ClInclude Include="celsus\file_utils.hpp">
      <Filter>Header Files</Filter>
    </ClInclude>
    <ClInclude Include="celsus\vertex_types.hpp">
      <Filter>Header Files</Filter>
    </ClInclude>
    <ClInclude Include="celsus\refptr.hpp">
      <Filter>Header Files</Filter>
    </ClInclude>
  </ItemGroup>
</Project>